
Microsoft Visual Studio Solution File, Format Version 12.00
# Visual Studio 15
VisualStudioVersion = 15.0.27703.2042
MinimumVisualStudioVersion = 10.0.40219.1
Project("{2150E333-8FDC-42A3-9474-1A3956D46DE8}") = "Solution Items", "Solution Items", "{5678B2E8-3EE5-4B50-8FE3-4B0D8455192E}"
	ProjectSection(SolutionItems) = preProject
		content.js = content.js
		eventPage.js = eventPage.js
		icon128.png = icon128.png
		icon16.png = icon16.png
		icon48.png = icon48.png
		jquery-3.3.1.min.js = jquery-3.3.1.min.js
		manifest.json = manifest.json
		popup.html = popup.html
		popup.js = popup.js
		SteamProfileBackgroundPreviewer.crx = SteamProfileBackgroundPreviewer.crx
		style.css = style.css
	EndProjectSection
EndProject
Global
	GlobalSection(SolutionProperties) = preSolution
		HideSolutionNode = FALSE
	EndGlobalSection
	GlobalSection(ExtensibilityGlobals) = postSolution
		SolutionGuid = {1C5E694C-F721-4C90-986C-B735C26FFBFC}
	EndGlobalSection
EndGlobal
